
Microsoft Visual Studio Solution File, Format Version 12.00
# Visual Studio Version 16
VisualStudioVersion = 16.0.28803.352
MinimumVisualStudioVersion = 10.0.40219.1
Project("{8BC9CEB8-8B4A-11D0-8D11-00A0C91BC942}") = "Boolean Satisfiability", "Boolean Satisfiability\Boolean Satisfiability.vcxproj", "{61DA3A40-F287-409D-AAD0-20DA5BD76F15}"
EndProject
Global
	GlobalSection(SolutionConfigurationPlatforms) = preSolution
		Debug|x64 = Debug|x64
		Debug|x86 = Debug|x86
		Release|x64 = Release|x64
		Release|x86 = Release|x86
	EndGlobalSection
	GlobalSection(ProjectConfigurationPlatforms) = postSolution
		{61DA3A40-F287-409D-AAD0-20DA5BD76F15}.Debug|x64.ActiveCfg = Debug|x64
		{61DA3A40-F287-409D-AAD0-20DA5BD76F15}.Debug|x64.Build.0 = Debug|x64
		{61DA3A40-F287-409D-AAD0-20DA5BD76F15}.Debug|x86.ActiveCfg = Debug|Win32
		{61DA3A40-F287-409D-AAD0-20DA5BD76F15}.Debug|x86.Build.0 = Debug|Win32
		{61DA3A40-F287-409D-AAD0-20DA5BD76F15}.Release|x64.ActiveCfg = Release|x64
		{61DA3A40-F287-409D-AAD0-20DA5BD76F15}.Release|x64.Build.0 = Release|x64
		{61DA3A40-F287-409D-AAD0-20DA5BD76F15}.Release|x86.ActiveCfg = Release|Win32
		{61DA3A40-F287-409D-AAD0-20DA5BD76F15}.Release|x86.Build.0 = Release|Win32
	EndGlobalSection
	GlobalSection(SolutionProperties) = preSolution
		HideSolutionNode = FALSE
	EndGlobalSection
	GlobalSection(ExtensibilityGlobals) = postSolution
		SolutionGuid = {2F3BA88F-0AEA-47B6-B61A-14F9E9476F0F}
	EndGlobalSection
EndGlobal
